
Microsoft Visual Studio Solution File, Format Version 12.00
# Visual Studio Version 17
VisualStudioVersion = 17.0.31903.59
MinimumVisualStudioVersion = 10.0.40219.1
Project("{FAE04EC0-301F-11D3-BF4B-00C04F79EFBC}") = "DbxProvider", "src\DbxProvider\DbxProvider.csproj", "{A1B2C3D4-E5F6-7890-ABCD-EF1234567890}"
EndProject
Project("{FAE04EC0-301F-11D3-BF4B-00C04F79EFBC}") = "DbxProvider.FunctionalTests", "test\DbxProvider.FunctionalTests\DbxProvider.FunctionalTests.csproj", "{B2C3D4E5-F6A7-4890-BCDE-F12345678901}"
EndProject
Project("{2150E333-8FDC-42A3-9474-1A3956D46DE8}") = "test", "test", "{0C88DD14-F956-CE84-757C-A364CCF449FC}"
EndProject
Project("{FAE04EC0-301F-11D3-BF4B-00C04F79EFBC}") = "DbxProvider.UnitTests", "test\DbxProvider.UnitTests\DbxProvider.UnitTests.csproj", "{5027EFD8-AA9E-4C28-8C0C-E32EE02D8BF8}"
EndProject
Project("{2150E333-8FDC-42A3-9474-1A3956D46DE8}") = "src", "src", "{827E0CD3-B72D-47B6-A68D-7590B98EB39B}"
EndProject
Project("{FAE04EC0-301F-11D3-BF4B-00C04F79EFBC}") = "IntelliTect.Dropbox.Auth", "src\IntelliTect.Dropbox.Auth\IntelliTect.Dropbox.Auth.csproj", "{ED40F7C2-B920-438E-AE1A-842674C701E2}"
EndProject
Project("{FAE04EC0-301F-11D3-BF4B-00C04F79EFBC}") = "Dbx.Auth.UnitTests", "test\Dbx.Auth.UnitTests\Dbx.Auth.UnitTests.csproj", "{36A52B97-F9C8-43D1-A6B4-ACFF1CD9C990}"
EndProject
Project("{FAE04EC0-301F-11D3-BF4B-00C04F79EFBC}") = "Dbx.Core", "src\Dbx.Core\Dbx.Core.csproj", "{2F3DF3D8-8687-4264-931F-35AE42AFE8E9}"
EndProject
Project("{FAE04EC0-301F-11D3-BF4B-00C04F79EFBC}") = "Dbx.Core.UnitTests", "test\Dbx.Core.UnitTests\Dbx.Core.UnitTests.csproj", "{BA31736E-A2F0-40BD-A27C-6F21543023D1}"
EndProject
Global
	GlobalSection(SolutionConfigurationPlatforms) = preSolution
		Debug|Any CPU = Debug|Any CPU
		Debug|x64 = Debug|x64
		Debug|x86 = Debug|x86
		Release|Any CPU = Release|Any CPU
		Release|x64 = Release|x64
		Release|x86 = Release|x86
	EndGlobalSection
	GlobalSection(ProjectConfigurationPlatforms) = postSolution
		{A1B2C3D4-E5F6-7890-ABCD-EF1234567890}.Debug|Any CPU.ActiveCfg = Debug|Any CPU
		{A1B2C3D4-E5F6-7890-ABCD-EF1234567890}.Debug|Any CPU.Build.0 = Debug|Any CPU
		{A1B2C3D4-E5F6-7890-ABCD-EF1234567890}.Debug|x64.ActiveCfg = Debug|Any CPU
		{A1B2C3D4-E5F6-7890-ABCD-EF1234567890}.Debug|x64.Build.0 = Debug|Any CPU
		{A1B2C3D4-E5F6-7890-ABCD-EF1234567890}.Debug|x86.ActiveCfg = Debug|Any CPU
		{A1B2C3D4-E5F6-7890-ABCD-EF1234567890}.Debug|x86.Build.0 = Debug|Any CPU
		{A1B2C3D4-E5F6-7890-ABCD-EF1234567890}.Release|Any CPU.ActiveCfg = Release|Any CPU
		{A1B2C3D4-E5F6-7890-ABCD-EF1234567890}.Release|Any CPU.Build.0 = Release|Any CPU
		{A1B2C3D4-E5F6-7890-ABCD-EF1234567890}.Release|x64.ActiveCfg = Release|Any CPU
		{A1B2C3D4-E5F6-7890-ABCD-EF1234567890}.Release|x64.Build.0 = Release|Any CPU
		{A1B2C3D4-E5F6-7890-ABCD-EF1234567890}.Release|x86.ActiveCfg = Release|Any CPU
		{A1B2C3D4-E5F6-7890-ABCD-EF1234567890}.Release|x86.Build.0 = Release|Any CPU
		{B2C3D4E5-F6A7-4890-BCDE-F12345678901}.Debug|Any CPU.ActiveCfg = Debug|Any CPU
		{B2C3D4E5-F6A7-4890-BCDE-F12345678901}.Debug|Any CPU.Build.0 = Debug|Any CPU
		{B2C3D4E5-F6A7-4890-BCDE-F12345678901}.Debug|x64.ActiveCfg = Debug|Any CPU
		{B2C3D4E5-F6A7-4890-BCDE-F12345678901}.Debug|x64.Build.0 = Debug|Any CPU
		{B2C3D4E5-F6A7-4890-BCDE-F12345678901}.Debug|x86.ActiveCfg = Debug|Any CPU
		{B2C3D4E5-F6A7-4890-BCDE-F12345678901}.Debug|x86.Build.0 = Debug|Any CPU
		{B2C3D4E5-F6A7-4890-BCDE-F12345678901}.Release|Any CPU.ActiveCfg = Release|Any CPU
		{B2C3D4E5-F6A7-4890-BCDE-F12345678901}.Release|Any CPU.Build.0 = Release|Any CPU
		{B2C3D4E5-F6A7-4890-BCDE-F12345678901}.Release|x64.ActiveCfg = Release|Any CPU
		{B2C3D4E5-F6A7-4890-BCDE-F12345678901}.Release|x64.Build.0 = Release|Any CPU
		{B2C3D4E5-F6A7-4890-BCDE-F12345678901}.Release|x86.ActiveCfg = Release|Any CPU
		{B2C3D4E5-F6A7-4890-BCDE-F12345678901}.Release|x86.Build.0 = Release|Any CPU
		{5027EFD8-AA9E-4C28-8C0C-E32EE02D8BF8}.Debug|Any CPU.ActiveCfg = Debug|Any CPU
		{5027EFD8-AA9E-4C28-8C0C-E32EE02D8BF8}.Debug|Any CPU.Build.0 = Debug|Any CPU
		{5027EFD8-AA9E-4C28-8C0C-E32EE02D8BF8}.Debug|x64.ActiveCfg = Debug|Any CPU
		{5027EFD8-AA9E-4C28-8C0C-E32EE02D8BF8}.Debug|x64.Build.0 = Debug|Any CPU
		{5027EFD8-AA9E-4C28-8C0C-E32EE02D8BF8}.Debug|x86.ActiveCfg = Debug|Any CPU
		{5027EFD8-AA9E-4C28-8C0C-E32EE02D8BF8}.Debug|x86.Build.0 = Debug|Any CPU
		{5027EFD8-AA9E-4C28-8C0C-E32EE02D8BF8}.Release|Any CPU.ActiveCfg = Release|Any CPU
		{5027EFD8-AA9E-4C28-8C0C-E32EE02D8BF8}.Release|Any CPU.Build.0 = Release|Any CPU
		{5027EFD8-AA9E-4C28-8C0C-E32EE02D8BF8}.Release|x64.ActiveCfg = Release|Any CPU
		{5027EFD8-AA9E-4C28-8C0C-E32EE02D8BF8}.Release|x64.Build.0 = Release|Any CPU
		{5027EFD8-AA9E-4C28-8C0C-E32EE02D8BF8}.Release|x86.ActiveCfg = Release|Any CPU
		{5027EFD8-AA9E-4C28-8C0C-E32EE02D8BF8}.Release|x86.Build.0 = Release|Any CPU
		{ED40F7C2-B920-438E-AE1A-842674C701E2}.Debug|Any CPU.ActiveCfg = Debug|Any CPU
		{ED40F7C2-B920-438E-AE1A-842674C701E2}.Debug|Any CPU.Build.0 = Debug|Any CPU
		{ED40F7C2-B920-438E-AE1A-842674C701E2}.Debug|x64.ActiveCfg = Debug|Any CPU
		{ED40F7C2-B920-438E-AE1A-842674C701E2}.Debug|x64.Build.0 = Debug|Any CPU
		{ED40F7C2-B920-438E-AE1A-842674C701E2}.Debug|x86.ActiveCfg = Debug|Any CPU
		{ED40F7C2-B920-438E-AE1A-842674C701E2}.Debug|x86.Build.0 = Debug|Any CPU
		{ED40F7C2-B920-438E-AE1A-842674C701E2}.Release|Any CPU.ActiveCfg = Release|Any CPU
		{ED40F7C2-B920-438E-AE1A-842674C701E2}.Release|Any CPU.Build.0 = Release|Any CPU
		{ED40F7C2-B920-438E-AE1A-842674C701E2}.Release|x64.ActiveCfg = Release|Any CPU
		{ED40F7C2-B920-438E-AE1A-842674C701E2}.Release|x64.Build.0 = Release|Any CPU
		{ED40F7C2-B920-438E-AE1A-842674C701E2}.Release|x86.ActiveCfg = Release|Any CPU
		{ED40F7C2-B920-438E-AE1A-842674C701E2}.Release|x86.Build.0 = Release|Any CPU
		{36A52B97-F9C8-43D1-A6B4-ACFF1CD9C990}.Debug|Any CPU.ActiveCfg = Debug|Any CPU
		{36A52B97-F9C8-43D1-A6B4-ACFF1CD9C990}.Debug|Any CPU.Build.0 = Debug|Any CPU
		{36A52B97-F9C8-43D1-A6B4-ACFF1CD9C990}.Debug|x64.ActiveCfg = Debug|Any CPU
		{36A52B97-F9C8-43D1-A6B4-ACFF1CD9C990}.Debug|x64.Build.0 = Debug|Any CPU
		{36A52B97-F9C8-43D1-A6B4-ACFF1CD9C990}.Debug|x86.ActiveCfg = Debug|Any CPU
		{36A52B97-F9C8-43D1-A6B4-ACFF1CD9C990}.Debug|x86.Build.0 = Debug|Any CPU
		{36A52B97-F9C8-43D1-A6B4-ACFF1CD9C990}.Release|Any CPU.ActiveCfg = Release|Any CPU
		{36A52B97-F9C8-43D1-A6B4-ACFF1CD9C990}.Release|Any CPU.Build.0 = Release|Any CPU
		{36A52B97-F9C8-43D1-A6B4-ACFF1CD9C990}.Release|x64.ActiveCfg = Release|Any CPU
		{36A52B97-F9C8-43D1-A6B4-ACFF1CD9C990}.Release|x64.Build.0 = Release|Any CPU
		{36A52B97-F9C8-43D1-A6B4-ACFF1CD9C990}.Release|x86.ActiveCfg = Release|Any CPU
		{36A52B97-F9C8-43D1-A6B4-ACFF1CD9C990}.Release|x86.Build.0 = Release|Any CPU
		{2F3DF3D8-8687-4264-931F-35AE42AFE8E9}.Debug|Any CPU.ActiveCfg = Debug|Any CPU
		{2F3DF3D8-8687-4264-931F-35AE42AFE8E9}.Debug|Any CPU.Build.0 = Debug|Any CPU
		{2F3DF3D8-8687-4264-931F-35AE42AFE8E9}.Debug|x64.ActiveCfg = Debug|Any CPU
		{2F3DF3D8-8687-4264-931F-35AE42AFE8E9}.Debug|x64.Build.0 = Debug|Any CPU
		{2F3DF3D8-8687-4264-931F-35AE42AFE8E9}.Debug|x86.ActiveCfg = Debug|Any CPU
		{2F3DF3D8-8687-4264-931F-35AE42AFE8E9}.Debug|x86.Build.0 = Debug|Any CPU
		{2F3DF3D8-8687-4264-931F-35AE42AFE8E9}.Release|Any CPU.ActiveCfg = Release|Any CPU
		{2F3DF3D8-8687-4264-931F-35AE42AFE8E9}.Release|Any CPU.Build.0 = Release|Any CPU
		{2F3DF3D8-8687-4264-931F-35AE42AFE8E9}.Release|x64.ActiveCfg = Release|Any CPU
		{2F3DF3D8-8687-4264-931F-35AE42AFE8E9}.Release|x64.Build.0 = Release|Any CPU
		{2F3DF3D8-8687-4264-931F-35AE42AFE8E9}.Release|x86.ActiveCfg = Release|Any CPU
		{2F3DF3D8-8687-4264-931F-35AE42AFE8E9}.Release|x86.Build.0 = Release|Any CPU
		{BA31736E-A2F0-40BD-A27C-6F21543023D1}.Debug|Any CPU.ActiveCfg = Debug|Any CPU
		{BA31736E-A2F0-40BD-A27C-6F21543023D1}.Debug|Any CPU.Build.0 = Debug|Any CPU
		{BA31736E-A2F0-40BD-A27C-6F21543023D1}.Debug|x64.ActiveCfg = Debug|Any CPU
		{BA31736E-A2F0-40BD-A27C-6F21543023D1}.Debug|x64.Build.0 = Debug|Any CPU
		{BA31736E-A2F0-40BD-A27C-6F21543023D1}.Debug|x86.ActiveCfg = Debug|Any CPU
		{BA31736E-A2F0-40BD-A27C-6F21543023D1}.Debug|x86.Build.0 = Debug|Any CPU
		{BA31736E-A2F0-40BD-A27C-6F21543023D1}.Release|Any CPU.ActiveCfg = Release|Any CPU
		{BA31736E-A2F0-40BD-A27C-6F21543023D1}.Release|Any CPU.Build.0 = Release|Any CPU
		{BA31736E-A2F0-40BD-A27C-6F21543023D1}.Release|x64.ActiveCfg = Release|Any CPU
		{BA31736E-A2F0-40BD-A27C-6F21543023D1}.Release|x64.Build.0 = Release|Any CPU
		{BA31736E-A2F0-40BD-A27C-6F21543023D1}.Release|x86.ActiveCfg = Release|Any CPU
		{BA31736E-A2F0-40BD-A27C-6F21543023D1}.Release|x86.Build.0 = Release|Any CPU
	EndGlobalSection
	GlobalSection(SolutionProperties) = preSolution
		HideSolutionNode = FALSE
	EndGlobalSection
	GlobalSection(NestedProjects) = preSolution
		{5027EFD8-AA9E-4C28-8C0C-E32EE02D8BF8} = {0C88DD14-F956-CE84-757C-A364CCF449FC}
		{ED40F7C2-B920-438E-AE1A-842674C701E2} = {827E0CD3-B72D-47B6-A68D-7590B98EB39B}
		{36A52B97-F9C8-43D1-A6B4-ACFF1CD9C990} = {0C88DD14-F956-CE84-757C-A364CCF449FC}
		{2F3DF3D8-8687-4264-931F-35AE42AFE8E9} = {827E0CD3-B72D-47B6-A68D-7590B98EB39B}
		{BA31736E-A2F0-40BD-A27C-6F21543023D1} = {0C88DD14-F956-CE84-757C-A364CCF449FC}
	EndGlobalSection
EndGlobal
